
Microsoft Visual Studio Solution File, Format Version 12.00
# Visual Studio 15
VisualStudioVersion = 15.0.26403.7
MinimumVisualStudioVersion = 10.0.40219.1
Project("{FAE04EC0-301F-11D3-BF4B-00C04F79EFBC}") = "Miinto.ProductCentre.LocationStatus.Worker", "Miinto.ProductCentre.LocationStatus.Worker\Miinto.ProductCentre.LocationStatus.Worker.csproj", "{165DEE45-D8F5-4288-9CD8-033E991FE6C5}"
EndProject
Project("{FAE04EC0-301F-11D3-BF4B-00C04F79EFBC}") = "Miinto.Bus.Core", "Miinto.ProductCentre.LocationStatus.Core\Miinto.Bus.Core.csproj", "{CBC09BBD-A05D-4B4F-81EB-74588A941CE2}"
EndProject
Project("{FAE04EC0-301F-11D3-BF4B-00C04F79EFBC}") = "ConsoleApp1", "ConsoleApp1\ConsoleApp1.csproj", "{B6E5AC25-A6D3-40AA-9248-173922F63B07}"
EndProject
Project("{E53339B2-1760-4266-BCC7-CA923CBCF16C}") = "docker-compose", "docker-compose.dcproj", "{9012C637-DF5E-4466-8485-452CE718DDD4}"
EndProject
Global
	GlobalSection(SolutionConfigurationPlatforms) = preSolution
		Debug|Any CPU = Debug|Any CPU
		Release|Any CPU = Release|Any CPU
	EndGlobalSection
	GlobalSection(ProjectConfigurationPlatforms) = postSolution
		{165DEE45-D8F5-4288-9CD8-033E991FE6C5}.Debug|Any CPU.ActiveCfg = Debug|Any CPU
		{165DEE45-D8F5-4288-9CD8-033E991FE6C5}.Debug|Any CPU.Build.0 = Debug|Any CPU
		{165DEE45-D8F5-4288-9CD8-033E991FE6C5}.Release|Any CPU.ActiveCfg = Release|Any CPU
		{165DEE45-D8F5-4288-9CD8-033E991FE6C5}.Release|Any CPU.Build.0 = Release|Any CPU
		{CBC09BBD-A05D-4B4F-81EB-74588A941CE2}.Debug|Any CPU.ActiveCfg = Debug|Any CPU
		{CBC09BBD-A05D-4B4F-81EB-74588A941CE2}.Debug|Any CPU.Build.0 = Debug|Any CPU
		{CBC09BBD-A05D-4B4F-81EB-74588A941CE2}.Release|Any CPU.ActiveCfg = Release|Any CPU
		{CBC09BBD-A05D-4B4F-81EB-74588A941CE2}.Release|Any CPU.Build.0 = Release|Any CPU
		{B6E5AC25-A6D3-40AA-9248-173922F63B07}.Debug|Any CPU.ActiveCfg = Debug|Any CPU
		{B6E5AC25-A6D3-40AA-9248-173922F63B07}.Debug|Any CPU.Build.0 = Debug|Any CPU
		{B6E5AC25-A6D3-40AA-9248-173922F63B07}.Release|Any CPU.ActiveCfg = Release|Any CPU
		{B6E5AC25-A6D3-40AA-9248-173922F63B07}.Release|Any CPU.Build.0 = Release|Any CPU
		{9012C637-DF5E-4466-8485-452CE718DDD4}.Debug|Any CPU.ActiveCfg = Debug|Any CPU
		{9012C637-DF5E-4466-8485-452CE718DDD4}.Debug|Any CPU.Build.0 = Debug|Any CPU
		{9012C637-DF5E-4466-8485-452CE718DDD4}.Release|Any CPU.ActiveCfg = Release|Any CPU
		{9012C637-DF5E-4466-8485-452CE718DDD4}.Release|Any CPU.Build.0 = Release|Any CPU
	EndGlobalSection
	GlobalSection(SolutionProperties) = preSolution
		HideSolutionNode = FALSE
	EndGlobalSection
EndGlobal
